
Microsoft Visual Studio Solution File, Format Version 12.00
# Visual Studio 14
VisualStudioVersion = 14.0.25420.1
MinimumVisualStudioVersion = 10.0.40219.1
Project("{FAE04EC0-301F-11D3-BF4B-00C04F79EFBC}") = "CM3D2.GoogleTranslate.Plugin", "CM3D2.GoogleTranslate.Plugin\CM3D2.GoogleTranslate.Plugin.csproj", "{CE77A1AD-4804-467E-8CD0-E31D1D68DDE6}"
EndProject
Project("{FAE04EC0-301F-11D3-BF4B-00C04F79EFBC}") = "OfflineTranslator", "OfflineTranslator\OfflineTranslator.csproj", "{7AB2EF20-3E6D-45E7-BF0E-E772BDE200E8}"
EndProject
Global
	GlobalSection(SolutionConfigurationPlatforms) = preSolution
		Debug|Any CPU = Debug|Any CPU
		Release|Any CPU = Release|Any CPU
	EndGlobalSection
	GlobalSection(ProjectConfigurationPlatforms) = postSolution
		{CE77A1AD-4804-467E-8CD0-E31D1D68DDE6}.Debug|Any CPU.ActiveCfg = Debug|Any CPU
		{CE77A1AD-4804-467E-8CD0-E31D1D68DDE6}.Debug|Any CPU.Build.0 = Debug|Any CPU
		{CE77A1AD-4804-467E-8CD0-E31D1D68DDE6}.Release|Any CPU.ActiveCfg = Release|Any CPU
		{CE77A1AD-4804-467E-8CD0-E31D1D68DDE6}.Release|Any CPU.Build.0 = Release|Any CPU
		{7AB2EF20-3E6D-45E7-BF0E-E772BDE200E8}.Debug|Any CPU.ActiveCfg = Debug|Any CPU
		{7AB2EF20-3E6D-45E7-BF0E-E772BDE200E8}.Debug|Any CPU.Build.0 = Debug|Any CPU
		{7AB2EF20-3E6D-45E7-BF0E-E772BDE200E8}.Release|Any CPU.ActiveCfg = Release|Any CPU
		{7AB2EF20-3E6D-45E7-BF0E-E772BDE200E8}.Release|Any CPU.Build.0 = Release|Any CPU
	EndGlobalSection
	GlobalSection(SolutionProperties) = preSolution
		HideSolutionNode = FALSE
	EndGlobalSection
EndGlobal
